// !$*UTF8*$!
{
	archiveVersion = 1;
	classes = {
	};
	objectVersion = 48;
	objects = {

/* Begin PBXBuildFile section */
		D63ED31A1FC293A50042ACEB /* ExpandableNames.swift in Sources */ = {isa = PBXBuildFile; fileRef = D63ED3191FC293A50042ACEB /* ExpandableNames.swift */; };
		D68794881FC264E900334897 /* AppDelegate.swift in Sources */ = {isa = PBXBuildFile; fileRef = D68794871FC264E900334897 /* AppDelegate.swift */; };
		D687948A1FC264E900334897 /* ViewController.swift in Sources */ = {isa = PBXBuildFile; fileRef = D68794891FC264E900334897 /* ViewController.swift */; };
		D687948D1FC264E900334897 /* Main.storyboard in Resources */ = {isa = PBXBuildFile; fileRef = D687948B1FC264E900334897 /* Main.storyboard */; };
		D687948F1FC264E900334897 /* Assets.xcassets in Resources */ = {isa = PBXBuildFile; fileRef = D687948E1FC264E900334897 /* Assets.xcassets */; };
		D68794921FC264E900334897 /* LaunchScreen.storyboard in Resources */ = {isa = PBXBuildFile; fileRef = D68794901FC264E900334897 /* LaunchScreen.storyboard */; };
		D6EB7E4C204AEAE100D0338F /* Product.swift in Sources */ = {isa = PBXBuildFile; fileRef = D6EB7E4B204AEAE100D0338F /* Product.swift */; };
		D6EB7E4E204AEF2800D0338F /* ProductCell.swift in Sources */ = {isa = PBXBuildFile; fileRef = D6EB7E4D204AEF2800D0338F /* ProductCell.swift */; };
/* End PBXBuildFile section */

/* Begin PBXFileReference section */
		D63ED3191FC293A50042ACEB /* ExpandableNames.swift */ = {isa = PBXFileReference; lastKnownFileType = sourcecode.swift; path = ExpandableNames.swift; sourceTree = "<group>"; };
		D68794841FC264E900334897 /* UITableViewSections.app */ = {isa = PBXFileReference; explicitFileType = wrapper.application; includeInIndex = 0; path = UITableViewSections.app; sourceTree = BUILT_PRODUCTS_DIR; };
		D68794871FC264E900334897 /* AppDelegate.swift */ = {isa = PBXFileReference; lastKnownFileType = sourcecode.swift; path = AppDelegate.swift; sourceTree = "<group>"; };
		D68794891FC264E900334897 /* ViewController.swift */ = {isa = PBXFileReference; lastKnownFileType = sourcecode.swift; path = ViewController.swift; sourceTree = "<group>"; };
		D687948C1FC264E900334897 /* Base */ = {isa = PBXFileReference; lastKnownFileType = file.storyboard; name = Base; path = Base.lproj/Main.storyboard; sourceTree = "<group>"; };
		D687948E1FC264E900334897 /* Assets.xcassets */ = {isa = PBXFileReference; lastKnownFileType = folder.assetcatalog; path = Assets.xcassets; sourceTree = "<group>"; };
		D68794911FC264E900334897 /* Base */ = {isa = PBXFileReference; lastKnownFileType = file.storyboard; name = Base; path = Base.lproj/LaunchScreen.storyboard; sourceTree = "<group>"; };
		D68794931FC264E900334897 /* Info.plist */ = {isa = PBXFileReference; lastKnownFileType = text.plist.xml; path = Info.plist; sourceTree = "<group>"; };
		D6EB7E4B204AEAE100D0338F /* Product.swift */ = {isa = PBXFileReference; lastKnownFileType = sourcecode.swift; path = Product.swift; sourceTree = "<group>"; };
		D6EB7E4D204AEF2800D0338F /* ProductCell.swift */ = {isa = PBXFileReference; lastKnownFileType = sourcecode.swift; path = ProductCell.swift; sourceTree = "<group>"; };
/* End PBXFileReference section */

/* Begin PBXFrameworksBuildPhase section */
		D68794811FC264E900334897 /* Frameworks */ = {
			isa = PBXFrameworksBuildPhase;
			buildActionMask = 2147483647;
			files = (
			);
			runOnlyForDeploymentPostprocessing = 0;
		};
/* End PBXFrameworksBuildPhase section */

/* Begin PBXGroup section */
		D687947B1FC264E900334897 = {
			isa = PBXGroup;
			children = (
				D68794861FC264E900334897 /* UITableViewSections */,
				D68794851FC264E900334897 /* Products */,
			);
			sourceTree = "<group>";
		};
		D68794851FC264E900334897 /* Products */ = {
			isa = PBXGroup;
			children = (
				D68794841FC264E900334897 /* UITableViewSections.app */,
			);
			name = Products;
			sourceTree = "<group>";
		};
		D68794861FC264E900334897 /* UITableViewSections */ = {
			isa = PBXGroup;
			children = (
				D6EB7E4A204AEAB700D0338F /* Model */,
				D68794871FC264E900334897 /* AppDelegate.swift */,
				D68794891FC264E900334897 /* ViewController.swift */,
				D687948B1FC264E900334897 /* Main.storyboard */,
				D687948E1FC264E900334897 /* Assets.xcassets */,
				D68794901FC264E900334897 /* LaunchScreen.storyboard */,
				D68794931FC264E900334897 /* Info.plist */,
				D6EB7E4D204AEF2800D0338F /* ProductCell.swift */,
			);
			path = UITableViewSections;
			sourceTree = "<group>";
		};
		D6EB7E4A204AEAB700D0338F /* Model */ = {
			isa = PBXGroup;
			children = (
				D63ED3191FC293A50042ACEB /* ExpandableNames.swift */,
				D6EB7E4B204AEAE100D0338F /* Product.swift */,
			);
			path = Model;
			sourceTree = "<group>";
		};
/* End PBXGroup section */

/* Begin PBXNativeTarget section */
		D68794831FC264E900334897 /* UITableViewSections */ = {
			isa = PBXNativeTarget;
			buildConfigurationList = D68794961FC264E900334897 /* Build configuration list for PBXNativeTarget "UITableViewSections" */;
			buildPhases = (
				D68794801FC264E900334897 /* Sources */,
				D68794811FC264E900334897 /* Frameworks */,
				D68794821FC264E900334897 /* Resources */,
			);
			buildRules = (
			);
			dependencies = (
			);
			name = UITableViewSections;
			productName = UITableViewSections;
			productReference = D68794841FC264E900334897 /* UITableViewSections.app */;
			productType = "com.apple.product-type.application";
		};
/* End PBXNativeTarget section */

/* Begin PBXProject section */
		D687947C1FC264E900334897 /* Project object */ = {
			isa = PBXProject;
			attributes = {
				LastSwiftUpdateCheck = 0910;
				LastUpgradeCheck = 0910;
				ORGANIZATIONNAME = "Vladimir Mikhaylov";
				TargetAttributes = {
					D68794831FC264E900334897 = {
						CreatedOnToolsVersion = 9.1;
						ProvisioningStyle = Automatic;
					};
				};
			};
			buildConfigurationList = D687947F1FC264E900334897 /* Build configuration list for PBXProject "UITableViewSections" */;
			compatibilityVersion = "Xcode 8.0";
			developmentRegion = en;
			hasScannedForEncodings = 0;
			knownRegions = (
				en,
				Base,
			);
			mainGroup = D687947B1FC264E900334897;
			productRefGroup = D68794851FC264E900334897 /* Products */;
			projectDirPath = "";
			projectRoot = "";
			targets = (
				D68794831FC264E900334897 /* UITableViewSections */,
			);
		};
/* End PBXProject section */

/* Begin PBXResourcesBuildPhase section */
		D68794821FC264E900334897 /* Resources */ = {
			isa = PBXResourcesBuildPhase;
			buildActionMask = 2147483647;
			files = (
				D68794921FC264E900334897 /* LaunchScreen.storyboard in Resources */,
				D687948F1FC264E900334897 /* Assets.xcassets in Resources */,
				D687948D1FC264E900334897 /* Main.storyboard in Resources */,
			);
			runOnlyForDeploymentPostprocessing = 0;
		};
/* End PBXResourcesBuildPhase section */

/* Begin PBXSourcesBuildPhase section */
		D68794801FC264E900334897 /* Sources */ = {
			isa = PBXSourcesBuildPhase;
			buildActionMask = 2147483647;
			files = (
				D63ED31A1FC293A50042ACEB /* ExpandableNames.swift in Sources */,
				D6EB7E4C204AEAE100D0338F /* Product.swift in Sources */,
				D6EB7E4E204AEF2800D0338F /* ProductCell.swift in Sources */,
				D687948A1FC264E900334897 /* ViewController.swift in Sources */,
				D68794881FC264E900334897 /* AppDelegate.swift in Sources */,
			);
			runOnlyForDeploymentPostprocessing = 0;
		};
/* End PBXSourcesBuildPhase section */

/* Begin PBXVariantGroup section */
		D687948B1FC264E900334897 /* Main.storyboard */ = {
			isa = PBXVariantGroup;
			children = (
				D687948C1FC264E900334897 /* Base */,
			);
			name = Main.storyboard;
			sourceTree = "<group>";
		};
		D68794901FC264E900334897 /* LaunchScreen.storyboard */ = {
			isa = PBXVariantGroup;
			children = (
				D68794911FC264E900334897 /* Base */,
			);
			name = LaunchScreen.storyboard;
			sourceTree = "<group>";
		};
/* End PBXVariantGroup section */

/* Begin XCBuildConfiguration section */
		D68794941FC264E900334897 /* Debug */ = {
			isa = XCBuildConfiguration;
			buildSettings = {
				ALWAYS_SEARCH_USER_PATHS = NO;
				CLANG_ANALYZER_NONNULL = YES;
				CLANG_ANALYZER_NUMBER_OBJECT_CONVERSION = YES_AGGRESSIVE;
				CLANG_CXX_LANGUAGE_STANDARD = "gnu++14";
				CLANG_CXX_LIBRARY = "libc++";
				CLANG_ENABLE_MODULES = YES;
				CLANG_ENABLE_OBJC_ARC = YES;
				CLANG_WARN_BLOCK_CAPTURE_AUTORELEASING = YES;
				CLANG_WARN_BOOL_CONVERSION = YES;
				CLANG_WARN_COMMA = YES;
				CLANG_WARN_CONSTANT_CONVERSION = YES;
				CLANG_WARN_DIRECT_OBJC_ISA_USAGE = YES_ERROR;
				CLANG_WARN_DOCUMENTATION_COMMENTS = YES;
				CLANG_WARN_EMPTY_BODY = YES;
				CLANG_WARN_ENUM_CONVERSION = YES;
				CLANG_WARN_INFINITE_RECURSION = YES;
				CLANG_WARN_INT_CONVERSION = YES;
				CLANG_WARN_NON_LITERAL_NULL_CONVERSION = YES;
				CLANG_WARN_OBJC_LITERAL_CONVERSION = YES;
				CLANG_WARN_OBJC_ROOT_CLASS = YES_ERROR;
				CLANG_WARN_RANGE_LOOP_ANALYSIS = YES;
				CLANG_WARN_STRICT_PROTOTYPES = YES;
				CLANG_WARN_SUSPICIOUS_MOVE = YES;
				CLANG_WARN_UNGUARDED_AVAILABILITY = YES_AGGRESSIVE;
				CLANG_WARN_UNREACHABLE_CODE = YES;
				CLANG_WARN__DUPLICATE_METHOD_MATCH = YES;
				CODE_SIGN_IDENTITY = "iPhone Developer";
				COPY_PHASE_STRIP = NO;
				DEBUG_INFORMATION_FORMAT = dwarf;
				ENABLE_STRICT_OBJC_MSGSEND = YES;
				ENABLE_TESTABILITY = YES;
				GCC_C_LANGUAGE_STANDARD = gnu11;
				GCC_DYNAMIC_NO_PIC = NO;
				GCC_NO_COMMON_BLOCKS = YES;
				GCC_OPTIMIZATION_LEVEL = 0;
				GCC_PREPROCESSOR_DEFINITIONS = (
					"DEBUG=1",
					"$(inherited)",
				);
				GCC_WARN_64_TO_32_BIT_CONVERSION = YES;
				GCC_WARN_ABOUT_RETURN_TYPE = YES_ERROR;
				GCC_WARN_UNDECLARED_SELECTOR = YES;
				GCC_WARN_UNINITIALIZED_AUTOS = YES_AGGRESSIVE;
				GCC_WARN_UNUSED_FUNCTION = YES;
				GCC_WARN_UNUSED_VARIABLE = YES;
				IPHONEOS_DEPLOYMENT_TARGET = 11.1;
				MTL_ENABLE_DEBUG_INFO = YES;
				ONLY_ACTIVE_ARCH = YES;
				SDKROOT = iphoneos;
				SWIFT_ACTIVE_COMPILATION_CONDITIONS = DEBUG;
				SWIFT_OPTIMIZATION_LEVEL = "-Onone";
			};
			name = Debug;
		};
		D68794951FC264E900334897 /* Release */ = {
			isa = XCBuildConfiguration;
			buildSettings = {
				ALWAYS_SEARCH_USER_PATHS = NO;
				CLANG_ANALYZER_NONNULL = YES;
				CLANG_ANALYZER_NUMBER_OBJECT_CONVERSION = YES_AGGRESSIVE;
				CLANG_CXX_LANGUAGE_STANDARD = "gnu++14";
				CLANG_CXX_LIBRARY = "libc++";
				CLANG_ENABLE_MODULES = YES;
				CLANG_ENABLE_OBJC_ARC = YES;
				CLANG_WARN_BLOCK_CAPTURE_AUTORELEASING = YES;
				CLANG_WARN_BOOL_CONVERSION = YES;
				CLANG_WARN_COMMA = YES;
				CLANG_WARN_CONSTANT_CONVERSION = YES;
				CLANG_WARN_DIRECT_OBJC_ISA_USAGE = YES_ERROR;
				CLANG_WARN_DOCUMENTATION_COMMENTS = YES;
				CLANG_WARN_EMPTY_BODY = YES;
				CLANG_WARN_ENUM_CONVERSION = YES;
				CLANG_WARN_INFINITE_RECURSION = YES;
				CLANG_WARN_INT_CONVERSION = YES;
				CLANG_WARN_NON_LITERAL_NULL_CONVERSION = YES;
				CLANG_WARN_OBJC_LITERAL_CONVERSION = YES;
				CLANG_WARN_OBJC_ROOT_CLASS = YES_ERROR;
				CLANG_WARN_RANGE_LOOP_ANALYSIS = YES;
				CLANG_WARN_STRICT_PROTOTYPES = YES;
				CLANG_WARN_SUSPICIOUS_MOVE = YES;
				CLANG_WARN_UNGUARDED_AVAILABILITY = YES_AGGRESSIVE;
				CLANG_WARN_UNREACHABLE_CODE = YES;
				CLANG_WARN__DUPLICATE_METHOD_MATCH = YES;
				CODE_SIGN_IDENTITY = "iPhone Developer";
				COPY_PHASE_STRIP = NO;
				DEBUG_INFORMATION_FORMAT = "dwarf-with-dsym";
				ENABLE_NS_ASSERTIONS = NO;
				ENABLE_STRICT_OBJC_MSGSEND = YES;
				GCC_C_LANGUAGE_STANDARD = gnu11;
				GCC_NO_COMMON_BLOCKS = YES;
				GCC_WARN_64_TO_32_BIT_CONVERSION = YES;
				GCC_WARN_ABOUT_RETURN_TYPE = YES_ERROR;
				GCC_WARN_UNDECLARED_SELECTOR = YES;
				GCC_WARN_UNINITIALIZED_AUTOS = YES_AGGRESSIVE;
				GCC_WARN_UNUSED_FUNCTION = YES;
				GCC_WARN_UNUSED_VARIABLE = YES;
				IPHONEOS_DEPLOYMENT_TARGET = 11.1;
				MTL_ENABLE_DEBUG_INFO = NO;
				SDKROOT = iphoneos;
				SWIFT_OPTIMIZATION_LEVEL = "-Owholemodule";
				VALIDATE_PRODUCT = YES;
			};
			name = Release;
		};
		D68794971FC264E900334897 /* Debug */ = {
			isa = XCBuildConfiguration;
			buildSettings = {
				ASSETCATALOG_COMPILER_APPICON_NAME = AppIcon;
				CODE_SIGN_STYLE = Automatic;
				DEVELOPMENT_TEAM = EP3FMXREC4;
				INFOPLIST_FILE = UITableViewSections/Info.plist;
				LD_RUNPATH_SEARCH_PATHS = "$(inherited) @executable_path/Frameworks";
				PRODUCT_BUNDLE_IDENTIFIER = MaSpin.UITableViewSections;
				PRODUCT_NAME = "$(TARGET_NAME)";
				SWIFT_VERSION = 4.0;
				TARGETED_DEVICE_FAMILY = "1,2";
			};
			name = Debug;
		};
		D68794981FC264E900334897 /* Release */ = {
			isa = XCBuildConfiguration;
			buildSettings = {
				ASSETCATALOG_COMPILER_APPICON_NAME = AppIcon;
				CODE_SIGN_STYLE = Automatic;
				DEVELOPMENT_TEAM = EP3FMXREC4;
				INFOPLIST_FILE = UITableViewSections/Info.plist;
				LD_RUNPATH_SEARCH_PATHS = "$(inherited) @executable_path/Frameworks";
				PRODUCT_BUNDLE_IDENTIFIER = MaSpin.UITableViewSections;
				PRODUCT_NAME = "$(TARGET_NAME)";
				SWIFT_VERSION = 4.0;
				TARGETED_DEVICE_FAMILY = "1,2";
			};
			name = Release;
		};
/* End XCBuildConfiguration section */

/* Begin XCConfigurationList section */
		D687947F1FC264E900334897 /* Build configuration list for PBXProject "UITableViewSections" */ = {
			isa = XCConfigurationList;
			buildConfigurations = (
				D68794941FC264E900334897 /* Debug */,
				D68794951FC264E900334897 /* Release */,
			);
			defaultConfigurationIsVisible = 0;
			defaultConfigurationName = Release;
		};
		D68794961FC264E900334897 /* Build configuration list for PBXNativeTarget "UITableViewSections" */ = {
			isa = XCConfigurationList;
			buildConfigurations = (
				D68794971FC264E900334897 /* Debug */,
				D68794981FC264E900334897 /* Release */,
			);
			defaultConfigurationIsVisible = 0;
			defaultConfigurationName = Release;
		};
/* End XCConfigurationList section */
	};
	rootObject = D687947C1FC264E900334897 /* Project object */;
}
